// !$*UTF8*$!
{
	archiveVersion = 1;
	classes = {
	};
	objectVersion = 46;
	objects = {

/* Begin PBXBuildFile section */
		907DFF6B1C8EDE9400D5E48C /* AppDelegate.swift in Sources */ = {isa = PBXBuildFile; fileRef = 907DFF6A1C8EDE9400D5E48C /* AppDelegate.swift */; };
		907DFF6D1C8EDE9400D5E48C /* FirstViewController.swift in Sources */ = {isa = PBXBuildFile; fileRef = 907DFF6C1C8EDE9400D5E48C /* FirstViewController.swift */; };
		907DFF6F1C8EDE9400D5E48C /* SecondViewController.swift in Sources */ = {isa = PBXBuildFile; fileRef = 907DFF6E1C8EDE9400D5E48C /* SecondViewController.swift */; };
		907DFF721C8EDE9400D5E48C /* Main.storyboard in Resources */ = {isa = PBXBuildFile; fileRef = 907DFF701C8EDE9400D5E48C /* Main.storyboard */; };
		907DFF741C8EDE9400D5E48C /* Assets.xcassets in Resources */ = {isa = PBXBuildFile; fileRef = 907DFF731C8EDE9400D5E48C /* Assets.xcassets */; };
		907DFF771C8EDE9400D5E48C /* LaunchScreen.storyboard in Resources */ = {isa = PBXBuildFile; fileRef = 907DFF751C8EDE9400D5E48C /* LaunchScreen.storyboard */; };
		907DFF821C8EDE9400D5E48C /* YonaTests.swift in Sources */ = {isa = PBXBuildFile; fileRef = 907DFF811C8EDE9400D5E48C /* YonaTests.swift */; };
		907DFF8D1C8EDE9400D5E48C /* YonaUITests.swift in Sources */ = {isa = PBXBuildFile; fileRef = 907DFF8C1C8EDE9400D5E48C /* YonaUITests.swift */; };
		907DFF9B1C90676E00D5E48C /* NetworkExtension.framework in Frameworks */ = {isa = PBXBuildFile; fileRef = 907DFF9A1C90676E00D5E48C /* NetworkExtension.framework */; };
		907DFF9E1C98694400D5E48C /* Features in Resources */ = {isa = PBXBuildFile; fileRef = 907DFF9D1C98694400D5E48C /* Features */; };
		907DFFA01C986FD400D5E48C /* YonaInitializer.swift in Sources */ = {isa = PBXBuildFile; fileRef = 907DFF9F1C986FD400D5E48C /* YonaInitializer.swift */; };
		907DFFA51C9872F200D5E48C /* YonaInitializer.m in Sources */ = {isa = PBXBuildFile; fileRef = 907DFFA41C9872F200D5E48C /* YonaInitializer.m */; };
		B67F26445681236E904E108E /* Pods_YonaUITests.framework in Frameworks */ = {isa = PBXBuildFile; fileRef = 651A7322E3BCF6875F9F5CDC /* Pods_YonaUITests.framework */; };
		BE81BE601C99FEA00075D008 /* Commentary.swift in Sources */ = {isa = PBXBuildFile; fileRef = BE81BE5F1C99FEA00075D008 /* Commentary.swift */; };
		BE81BE621C99FEAD0075D008 /* MatchResults.swift in Sources */ = {isa = PBXBuildFile; fileRef = BE81BE611C99FEAD0075D008 /* MatchResults.swift */; };
		E913725282FBB7426E009E5C /* Pods_YonaTests.framework in Frameworks */ = {isa = PBXBuildFile; fileRef = 4383452AD8EAD6B9A2BBD2A1 /* Pods_YonaTests.framework */; };
		EF5493EBA9DEB0DAD6D13C4E /* Pods.framework in Frameworks */ = {isa = PBXBuildFile; fileRef = 12F7CDF7555A8B93D05E205A /* Pods.framework */; };
/* End PBXBuildFile section */

/* Begin PBXContainerItemProxy section */
		907DFF7E1C8EDE9400D5E48C /* PBXContainerItemProxy */ = {
			isa = PBXContainerItemProxy;
			containerPortal = 907DFF5F1C8EDE9300D5E48C /* Project object */;
			proxyType = 1;
			remoteGlobalIDString = 907DFF661C8EDE9400D5E48C;
			remoteInfo = Yona;
		};
		907DFF891C8EDE9400D5E48C /* PBXContainerItemProxy */ = {
			isa = PBXContainerItemProxy;
			containerPortal = 907DFF5F1C8EDE9300D5E48C /* Project object */;
			proxyType = 1;
			remoteGlobalIDString = 907DFF661C8EDE9400D5E48C;
			remoteInfo = Yona;
		};
/* End PBXContainerItemProxy section */

/* Begin PBXFileReference section */
		12F7CDF7555A8B93D05E205A /* Pods.framework */ = {isa = PBXFileReference; explicitFileType = wrapper.framework; includeInIndex = 0; path = Pods.framework; sourceTree = BUILT_PRODUCTS_DIR; };
		35BA92C40ECEEC448F6EE456 /* Pods_Yona.framework */ = {isa = PBXFileReference; explicitFileType = wrapper.framework; includeInIndex = 0; path = Pods_Yona.framework; sourceTree = BUILT_PRODUCTS_DIR; };
		4383452AD8EAD6B9A2BBD2A1 /* Pods_YonaTests.framework */ = {isa = PBXFileReference; explicitFileType = wrapper.framework; includeInIndex = 0; path = Pods_YonaTests.framework; sourceTree = BUILT_PRODUCTS_DIR; };
		651A7322E3BCF6875F9F5CDC /* Pods_YonaUITests.framework */ = {isa = PBXFileReference; explicitFileType = wrapper.framework; includeInIndex = 0; path = Pods_YonaUITests.framework; sourceTree = BUILT_PRODUCTS_DIR; };
		77125F8D39EC6382C622405A /* Pods-Yona.release.xcconfig */ = {isa = PBXFileReference; includeInIndex = 1; lastKnownFileType = text.xcconfig; name = "Pods-Yona.release.xcconfig"; path = "Pods/Target Support Files/Pods-Yona/Pods-Yona.release.xcconfig"; sourceTree = "<group>"; };
		779A9724A9A066B99E348BF7 /* Pods-YonaUITests.release.xcconfig */ = {isa = PBXFileReference; includeInIndex = 1; lastKnownFileType = text.xcconfig; name = "Pods-YonaUITests.release.xcconfig"; path = "Pods/Target Support Files/Pods-YonaUITests/Pods-YonaUITests.release.xcconfig"; sourceTree = "<group>"; };
		89686D026187D08BA3E2B211 /* Pods-Yona.debug.xcconfig */ = {isa = PBXFileReference; includeInIndex = 1; lastKnownFileType = text.xcconfig; name = "Pods-Yona.debug.xcconfig"; path = "Pods/Target Support Files/Pods-Yona/Pods-Yona.debug.xcconfig"; sourceTree = "<group>"; };
		903D1D671C99B99E0010CCEC /* Alamofire.framework */ = {isa = PBXFileReference; lastKnownFileType = wrapper.framework; name = Alamofire.framework; path = "Pods/../build/Debug-iphoneos/Alamofire.framework"; sourceTree = "<group>"; };
		903D1D681C99B99E0010CCEC /* SwiftyJSON.framework */ = {isa = PBXFileReference; lastKnownFileType = wrapper.framework; name = SwiftyJSON.framework; path = "Pods/../build/Debug-iphoneos/SwiftyJSON.framework"; sourceTree = "<group>"; };
		903D1D6B1C99BE550010CCEC /* AlamofireJsonToObjects.framework */ = {isa = PBXFileReference; lastKnownFileType = wrapper.framework; name = AlamofireJsonToObjects.framework; path = "Pods/../build/Debug-iphoneos/AlamofireJsonToObjects.framework"; sourceTree = "<group>"; };
		907DFF671C8EDE9400D5E48C /* Yona.app */ = {isa = PBXFileReference; explicitFileType = wrapper.application; includeInIndex = 0; path = Yona.app; sourceTree = BUILT_PRODUCTS_DIR; };
		907DFF6A1C8EDE9400D5E48C /* AppDelegate.swift */ = {isa = PBXFileReference; lastKnownFileType = sourcecode.swift; path = AppDelegate.swift; sourceTree = "<group>"; };
		907DFF6C1C8EDE9400D5E48C /* FirstViewController.swift */ = {isa = PBXFileReference; lastKnownFileType = sourcecode.swift; path = FirstViewController.swift; sourceTree = "<group>"; };
		907DFF6E1C8EDE9400D5E48C /* SecondViewController.swift */ = {isa = PBXFileReference; lastKnownFileType = sourcecode.swift; path = SecondViewController.swift; sourceTree = "<group>"; };
		907DFF711C8EDE9400D5E48C /* Base */ = {isa = PBXFileReference; lastKnownFileType = file.storyboard; name = Base; path = Base.lproj/Main.storyboard; sourceTree = "<group>"; };
		907DFF731C8EDE9400D5E48C /* Assets.xcassets */ = {isa = PBXFileReference; lastKnownFileType = folder.assetcatalog; path = Assets.xcassets; sourceTree = "<group>"; };
		907DFF761C8EDE9400D5E48C /* Base */ = {isa = PBXFileReference; lastKnownFileType = file.storyboard; name = Base; path = Base.lproj/LaunchScreen.storyboard; sourceTree = "<group>"; };
		907DFF781C8EDE9400D5E48C /* Info.plist */ = {isa = PBXFileReference; lastKnownFileType = text.plist.xml; path = Info.plist; sourceTree = "<group>"; };
		907DFF7D1C8EDE9400D5E48C /* YonaTests.xctest */ = {isa = PBXFileReference; explicitFileType = wrapper.cfbundle; includeInIndex = 0; path = YonaTests.xctest; sourceTree = BUILT_PRODUCTS_DIR; };
		907DFF811C8EDE9400D5E48C /* YonaTests.swift */ = {isa = PBXFileReference; lastKnownFileType = sourcecode.swift; path = YonaTests.swift; sourceTree = "<group>"; };
		907DFF831C8EDE9400D5E48C /* Info.plist */ = {isa = PBXFileReference; lastKnownFileType = text.plist.xml; path = Info.plist; sourceTree = "<group>"; };
		907DFF881C8EDE9400D5E48C /* YonaUITests.xctest */ = {isa = PBXFileReference; explicitFileType = wrapper.cfbundle; includeInIndex = 0; path = YonaUITests.xctest; sourceTree = BUILT_PRODUCTS_DIR; };
		907DFF8C1C8EDE9400D5E48C /* YonaUITests.swift */ = {isa = PBXFileReference; lastKnownFileType = sourcecode.swift; path = YonaUITests.swift; sourceTree = "<group>"; };
		907DFF8E1C8EDE9400D5E48C /* Info.plist */ = {isa = PBXFileReference; lastKnownFileType = text.plist.xml; path = Info.plist; sourceTree = "<group>"; };
		907DFF9A1C90676E00D5E48C /* NetworkExtension.framework */ = {isa = PBXFileReference; lastKnownFileType = wrapper.framework; name = NetworkExtension.framework; path = System/Library/Frameworks/NetworkExtension.framework; sourceTree = SDKROOT; };
		907DFF9C1C90676E00D5E48C /* Yona.entitlements */ = {isa = PBXFileReference; lastKnownFileType = text.xml; path = Yona.entitlements; sourceTree = "<group>"; };
		907DFF9D1C98694400D5E48C /* Features */ = {isa = PBXFileReference; lastKnownFileType = folder; name = Features; path = ../YonaTests/Features; sourceTree = "<group>"; };
		907DFF9F1C986FD400D5E48C /* YonaInitializer.swift */ = {isa = PBXFileReference; fileEncoding = 4; lastKnownFileType = sourcecode.swift; path = YonaInitializer.swift; sourceTree = "<group>"; };
		907DFFA31C9872F200D5E48C /* YonaUITests-Bridging-Header.h */ = {isa = PBXFileReference; lastKnownFileType = sourcecode.c.h; path = "YonaUITests-Bridging-Header.h"; sourceTree = "<group>"; };
		907DFFA41C9872F200D5E48C /* YonaInitializer.m */ = {isa = PBXFileReference; fileEncoding = 4; lastKnownFileType = sourcecode.c.objc; path = YonaInitializer.m; sourceTree = "<group>"; };
		98FCC62E604C72777EA1D8D8 /* Pods-YonaTests.release.xcconfig */ = {isa = PBXFileReference; includeInIndex = 1; lastKnownFileType = text.xcconfig; name = "Pods-YonaTests.release.xcconfig"; path = "Pods/Target Support Files/Pods-YonaTests/Pods-YonaTests.release.xcconfig"; sourceTree = "<group>"; };
		BE81BE5D1C99FC030075D008 /* Alamofire.framework */ = {isa = PBXFileReference; lastKnownFileType = wrapper.framework; name = Alamofire.framework; path = "Pods/../build/Debug-iphoneos/Alamofire.framework"; sourceTree = "<group>"; };
		BE81BE5F1C99FEA00075D008 /* Commentary.swift */ = {isa = PBXFileReference; fileEncoding = 4; lastKnownFileType = sourcecode.swift; path = Commentary.swift; sourceTree = "<group>"; };
		BE81BE611C99FEAD0075D008 /* MatchResults.swift */ = {isa = PBXFileReference; fileEncoding = 4; lastKnownFileType = sourcecode.swift; path = MatchResults.swift; sourceTree = "<group>"; };
		BE81BE631C9A09510075D008 /* Alamofire.framework */ = {isa = PBXFileReference; lastKnownFileType = wrapper.framework; name = Alamofire.framework; path = "Pods/../build/Debug-iphoneos/Alamofire.framework"; sourceTree = "<group>"; };
		BE81BE641C9A09510075D008 /* AlamofireJsonToObjects.framework */ = {isa = PBXFileReference; lastKnownFileType = wrapper.framework; name = AlamofireJsonToObjects.framework; path = "Pods/../build/Debug-iphoneos/AlamofireJsonToObjects.framework"; sourceTree = "<group>"; };
		BE81BE651C9A09510075D008 /* EVReflection.framework */ = {isa = PBXFileReference; lastKnownFileType = wrapper.framework; name = EVReflection.framework; path = "Pods/../build/Debug-iphoneos/EVReflection.framework"; sourceTree = "<group>"; };
		BE81BE691C9AAD5C0075D008 /* Alamofire.framework */ = {isa = PBXFileReference; lastKnownFileType = wrapper.framework; name = Alamofire.framework; path = "Pods/../build/Debug-iphoneos/Alamofire.framework"; sourceTree = "<group>"; };
		BE81BE6A1C9AAD5C0075D008 /* EVReflection.framework */ = {isa = PBXFileReference; lastKnownFileType = wrapper.framework; name = EVReflection.framework; path = "Pods/../build/Debug-iphoneos/EVReflection.framework"; sourceTree = "<group>"; };
		CC530E0C6E9515F61EC6FB40 /* Pods-YonaTests.debug.xcconfig */ = {isa = PBXFileReference; includeInIndex = 1; lastKnownFileType = text.xcconfig; name = "Pods-YonaTests.debug.xcconfig"; path = "Pods/Target Support Files/Pods-YonaTests/Pods-YonaTests.debug.xcconfig"; sourceTree = "<group>"; };
		E4974E350B019F187E3AD131 /* Pods-YonaUITests.debug.xcconfig */ = {isa = PBXFileReference; includeInIndex = 1; lastKnownFileType = text.xcconfig; name = "Pods-YonaUITests.debug.xcconfig"; path = "Pods/Target Support Files/Pods-YonaUITests/Pods-YonaUITests.debug.xcconfig"; sourceTree = "<group>"; };
/* End PBXFileReference section */

/* Begin PBXFrameworksBuildPhase section */
		907DFF641C8EDE9400D5E48C /* Frameworks */ = {
			isa = PBXFrameworksBuildPhase;
			buildActionMask = 2147483647;
			files = (
				907DFF9B1C90676E00D5E48C /* NetworkExtension.framework in Frameworks */,
				EF5493EBA9DEB0DAD6D13C4E /* Pods.framework in Frameworks */,
			);
			runOnlyForDeploymentPostprocessing = 0;
		};
		907DFF7A1C8EDE9400D5E48C /* Frameworks */ = {
			isa = PBXFrameworksBuildPhase;
			buildActionMask = 2147483647;
			files = (
				E913725282FBB7426E009E5C /* Pods_YonaTests.framework in Frameworks */,
			);
			runOnlyForDeploymentPostprocessing = 0;
		};
		907DFF851C8EDE9400D5E48C /* Frameworks */ = {
			isa = PBXFrameworksBuildPhase;
			buildActionMask = 2147483647;
			files = (
				B67F26445681236E904E108E /* Pods_YonaUITests.framework in Frameworks */,
			);
			runOnlyForDeploymentPostprocessing = 0;
		};
/* End PBXFrameworksBuildPhase section */

/* Begin PBXGroup section */
		638870623FA6C17F0A3644CE /* Pods */ = {
			isa = PBXGroup;
			children = (
				E4974E350B019F187E3AD131 /* Pods-YonaUITests.debug.xcconfig */,
				779A9724A9A066B99E348BF7 /* Pods-YonaUITests.release.xcconfig */,
				CC530E0C6E9515F61EC6FB40 /* Pods-YonaTests.debug.xcconfig */,
				98FCC62E604C72777EA1D8D8 /* Pods-YonaTests.release.xcconfig */,
				89686D026187D08BA3E2B211 /* Pods-Yona.debug.xcconfig */,
				77125F8D39EC6382C622405A /* Pods-Yona.release.xcconfig */,
			);
			name = Pods;
			sourceTree = "<group>";
		};
		907DFF5E1C8EDE9300D5E48C = {
			isa = PBXGroup;
			children = (
				907DFF9A1C90676E00D5E48C /* NetworkExtension.framework */,
				907DFF691C8EDE9400D5E48C /* Yona */,
				907DFF801C8EDE9400D5E48C /* YonaTests */,
				907DFF8B1C8EDE9400D5E48C /* YonaUITests */,
				907DFF681C8EDE9400D5E48C /* Products */,
				638870623FA6C17F0A3644CE /* Pods */,
				FD4D5E78D9A71501B036033F /* Frameworks */,
			);
			sourceTree = "<group>";
		};
		907DFF681C8EDE9400D5E48C /* Products */ = {
			isa = PBXGroup;
			children = (
				907DFF671C8EDE9400D5E48C /* Yona.app */,
				907DFF7D1C8EDE9400D5E48C /* YonaTests.xctest */,
				907DFF881C8EDE9400D5E48C /* YonaUITests.xctest */,
			);
			name = Products;
			sourceTree = "<group>";
		};
		907DFF691C8EDE9400D5E48C /* Yona */ = {
			isa = PBXGroup;
			children = (
				907DFF9C1C90676E00D5E48C /* Yona.entitlements */,
				907DFF6A1C8EDE9400D5E48C /* AppDelegate.swift */,
				907DFF6C1C8EDE9400D5E48C /* FirstViewController.swift */,
				907DFF6E1C8EDE9400D5E48C /* SecondViewController.swift */,
				907DFF701C8EDE9400D5E48C /* Main.storyboard */,
				907DFF731C8EDE9400D5E48C /* Assets.xcassets */,
				907DFF751C8EDE9400D5E48C /* LaunchScreen.storyboard */,
				907DFF781C8EDE9400D5E48C /* Info.plist */,
				BE81BE5F1C99FEA00075D008 /* Commentary.swift */,
				BE81BE611C99FEAD0075D008 /* MatchResults.swift */,
			);
			path = Yona;
			sourceTree = "<group>";
		};
		907DFF801C8EDE9400D5E48C /* YonaTests */ = {
			isa = PBXGroup;
			children = (
				907DFF811C8EDE9400D5E48C /* YonaTests.swift */,
				907DFF831C8EDE9400D5E48C /* Info.plist */,
			);
			path = YonaTests;
			sourceTree = "<group>";
		};
		907DFF8B1C8EDE9400D5E48C /* YonaUITests */ = {
			isa = PBXGroup;
			children = (
				907DFF9D1C98694400D5E48C /* Features */,
				907DFF8C1C8EDE9400D5E48C /* YonaUITests.swift */,
				907DFF8E1C8EDE9400D5E48C /* Info.plist */,
				907DFF9F1C986FD400D5E48C /* YonaInitializer.swift */,
				907DFFA41C9872F200D5E48C /* YonaInitializer.m */,
				907DFFA31C9872F200D5E48C /* YonaUITests-Bridging-Header.h */,
			);
			path = YonaUITests;
			sourceTree = "<group>";
		};
		FD4D5E78D9A71501B036033F /* Frameworks */ = {
			isa = PBXGroup;
			children = (
				BE81BE691C9AAD5C0075D008 /* Alamofire.framework */,
				BE81BE6A1C9AAD5C0075D008 /* EVReflection.framework */,
				BE81BE631C9A09510075D008 /* Alamofire.framework */,
				BE81BE641C9A09510075D008 /* AlamofireJsonToObjects.framework */,
				BE81BE651C9A09510075D008 /* EVReflection.framework */,
				BE81BE5D1C99FC030075D008 /* Alamofire.framework */,
				903D1D6B1C99BE550010CCEC /* AlamofireJsonToObjects.framework */,
				903D1D671C99B99E0010CCEC /* Alamofire.framework */,
				903D1D681C99B99E0010CCEC /* SwiftyJSON.framework */,
				4383452AD8EAD6B9A2BBD2A1 /* Pods_YonaTests.framework */,
				651A7322E3BCF6875F9F5CDC /* Pods_YonaUITests.framework */,
				35BA92C40ECEEC448F6EE456 /* Pods_Yona.framework */,
				12F7CDF7555A8B93D05E205A /* Pods.framework */,
			);
			name = Frameworks;
			sourceTree = "<group>";
		};
/* End PBXGroup section */

/* Begin PBXNativeTarget section */
		907DFF661C8EDE9400D5E48C /* Yona */ = {
			isa = PBXNativeTarget;
			buildConfigurationList = 907DFF911C8EDE9400D5E48C /* Build configuration list for PBXNativeTarget "Yona" */;
			buildPhases = (
				1A742ACBAF7E9EA1D7DEB9FC /* Check Pods Manifest.lock */,
				907DFF631C8EDE9400D5E48C /* Sources */,
				907DFF641C8EDE9400D5E48C /* Frameworks */,
				907DFF651C8EDE9400D5E48C /* Resources */,
				EA6F898F6F765B2B173EA831 /* Embed Pods Frameworks */,
				CD897B49CDDF7B7CA7279FDF /* Copy Pods Resources */,
			);
			buildRules = (
			);
			dependencies = (
			);
			name = Yona;
			productName = Yona;
			productReference = 907DFF671C8EDE9400D5E48C /* Yona.app */;
			productType = "com.apple.product-type.application";
		};
		907DFF7C1C8EDE9400D5E48C /* YonaTests */ = {
			isa = PBXNativeTarget;
			buildConfigurationList = 907DFF941C8EDE9400D5E48C /* Build configuration list for PBXNativeTarget "YonaTests" */;
			buildPhases = (
				95E9A192017B52DD918D74B6 /* Check Pods Manifest.lock */,
				907DFF791C8EDE9400D5E48C /* Sources */,
				907DFF7A1C8EDE9400D5E48C /* Frameworks */,
				907DFF7B1C8EDE9400D5E48C /* Resources */,
				853A836B63A15440D070F5DE /* Embed Pods Frameworks */,
				98CD335CBBF792838496D2A2 /* Copy Pods Resources */,
			);
			buildRules = (
			);
			dependencies = (
				907DFF7F1C8EDE9400D5E48C /* PBXTargetDependency */,
			);
			name = YonaTests;
			productName = YonaTests;
			productReference = 907DFF7D1C8EDE9400D5E48C /* YonaTests.xctest */;
			productType = "com.apple.product-type.bundle.unit-test";
		};
		907DFF871C8EDE9400D5E48C /* YonaUITests */ = {
			isa = PBXNativeTarget;
			buildConfigurationList = 907DFF971C8EDE9400D5E48C /* Build configuration list for PBXNativeTarget "YonaUITests" */;
			buildPhases = (
				11BA3A4A5CB5DBCD426034E6 /* Check Pods Manifest.lock */,
				907DFF841C8EDE9400D5E48C /* Sources */,
				907DFF851C8EDE9400D5E48C /* Frameworks */,
				907DFF861C8EDE9400D5E48C /* Resources */,
				A821119BFA5F60C28A3789FE /* Copy Pods Resources */,
			);
			buildRules = (
			);
			dependencies = (
				907DFF8A1C8EDE9400D5E48C /* PBXTargetDependency */,
			);
			name = YonaUITests;
			productName = YonaUITests;
			productReference = 907DFF881C8EDE9400D5E48C /* YonaUITests.xctest */;
			productType = "com.apple.product-type.bundle.ui-testing";
		};
/* End PBXNativeTarget section */

/* Begin PBXProject section */
		907DFF5F1C8EDE9300D5E48C /* Project object */ = {
			isa = PBXProject;
			attributes = {
				LastSwiftUpdateCheck = 0720;
				LastUpgradeCheck = 0720;
				ORGANIZATIONNAME = "Ben Smith";
				TargetAttributes = {
					907DFF661C8EDE9400D5E48C = {
						CreatedOnToolsVersion = 7.2.1;
						DevelopmentTeam = CWK29L7ZPT;
						SystemCapabilities = {
							com.apple.VPNLite = {
								enabled = 1;
							};
						};
					};
					907DFF7C1C8EDE9400D5E48C = {
						CreatedOnToolsVersion = 7.2.1;
						TestTargetID = 907DFF661C8EDE9400D5E48C;
					};
					907DFF871C8EDE9400D5E48C = {
						CreatedOnToolsVersion = 7.2.1;
						TestTargetID = 907DFF661C8EDE9400D5E48C;
					};
				};
			};
			buildConfigurationList = 907DFF621C8EDE9300D5E48C /* Build configuration list for PBXProject "Yona" */;
			compatibilityVersion = "Xcode 3.2";
			developmentRegion = English;
			hasScannedForEncodings = 0;
			knownRegions = (
				en,
				Base,
			);
			mainGroup = 907DFF5E1C8EDE9300D5E48C;
			productRefGroup = 907DFF681C8EDE9400D5E48C /* Products */;
			projectDirPath = "";
			projectRoot = "";
			targets = (
				907DFF661C8EDE9400D5E48C /* Yona */,
				907DFF7C1C8EDE9400D5E48C /* YonaTests */,
				907DFF871C8EDE9400D5E48C /* YonaUITests */,
			);
		};
/* End PBXProject section */

/* Begin PBXResourcesBuildPhase section */
		907DFF651C8EDE9400D5E48C /* Resources */ = {
			isa = PBXResourcesBuildPhase;
			buildActionMask = 2147483647;
			files = (
				907DFF771C8EDE9400D5E48C /* LaunchScreen.storyboard in Resources */,
				907DFF741C8EDE9400D5E48C /* Assets.xcassets in Resources */,
				907DFF721C8EDE9400D5E48C /* Main.storyboard in Resources */,
			);
			runOnlyForDeploymentPostprocessing = 0;
		};
		907DFF7B1C8EDE9400D5E48C /* Resources */ = {
			isa = PBXResourcesBuildPhase;
			buildActionMask = 2147483647;
			files = (
				907DFF9E1C98694400D5E48C /* Features in Resources */,
			);
			runOnlyForDeploymentPostprocessing = 0;
		};
		907DFF861C8EDE9400D5E48C /* Resources */ = {
			isa = PBXResourcesBuildPhase;
			buildActionMask = 2147483647;
			files = (
			);
			runOnlyForDeploymentPostprocessing = 0;
		};
/* End PBXResourcesBuildPhase section */

/* Begin PBXShellScriptBuildPhase section */
		11BA3A4A5CB5DBCD426034E6 /* Check Pods Manifest.lock */ = {
			isa = PBXShellScriptBuildPhase;
			buildActionMask = 2147483647;
			files = (
			);
			inputPaths = (
			);
			name = "Check Pods Manifest.lock";
			outputPaths = (
			);
			runOnlyForDeploymentPostprocessing = 0;
			shellPath = /bin/sh;
			shellScript = "diff \"${PODS_ROOT}/../Podfile.lock\" \"${PODS_ROOT}/Manifest.lock\" > /dev/null\nif [[ $? != 0 ]] ; then\n    cat << EOM\nerror: The sandbox is not in sync with the Podfile.lock. Run 'pod install' or update your CocoaPods installation.\nEOM\n    exit 1\nfi\n";
			showEnvVarsInLog = 0;
		};
		1A742ACBAF7E9EA1D7DEB9FC /* Check Pods Manifest.lock */ = {
			isa = PBXShellScriptBuildPhase;
			buildActionMask = 2147483647;
			files = (
			);
			inputPaths = (
			);
			name = "Check Pods Manifest.lock";
			outputPaths = (
			);
			runOnlyForDeploymentPostprocessing = 0;
			shellPath = /bin/sh;
			shellScript = "diff \"${PODS_ROOT}/../Podfile.lock\" \"${PODS_ROOT}/Manifest.lock\" > /dev/null\nif [[ $? != 0 ]] ; then\n    cat << EOM\nerror: The sandbox is not in sync with the Podfile.lock. Run 'pod install' or update your CocoaPods installation.\nEOM\n    exit 1\nfi\n";
			showEnvVarsInLog = 0;
		};
		853A836B63A15440D070F5DE /* Embed Pods Frameworks */ = {
			isa = PBXShellScriptBuildPhase;
			buildActionMask = 2147483647;
			files = (
			);
			inputPaths = (
			);
			name = "Embed Pods Frameworks";
			outputPaths = (
			);
			runOnlyForDeploymentPostprocessing = 0;
			shellPath = /bin/sh;
			shellScript = "\"${SRCROOT}/Pods/Target Support Files/Pods-YonaTests/Pods-YonaTests-frameworks.sh\"\n";
			showEnvVarsInLog = 0;
		};
		95E9A192017B52DD918D74B6 /* Check Pods Manifest.lock */ = {
			isa = PBXShellScriptBuildPhase;
			buildActionMask = 2147483647;
			files = (
			);
			inputPaths = (
			);
			name = "Check Pods Manifest.lock";
			outputPaths = (
			);
			runOnlyForDeploymentPostprocessing = 0;
			shellPath = /bin/sh;
			shellScript = "diff \"${PODS_ROOT}/../Podfile.lock\" \"${PODS_ROOT}/Manifest.lock\" > /dev/null\nif [[ $? != 0 ]] ; then\n    cat << EOM\nerror: The sandbox is not in sync with the Podfile.lock. Run 'pod install' or update your CocoaPods installation.\nEOM\n    exit 1\nfi\n";
			showEnvVarsInLog = 0;
		};
		98CD335CBBF792838496D2A2 /* Copy Pods Resources */ = {
			isa = PBXShellScriptBuildPhase;
			buildActionMask = 2147483647;
			files = (
			);
			inputPaths = (
			);
			name = "Copy Pods Resources";
			outputPaths = (
			);
			runOnlyForDeploymentPostprocessing = 0;
			shellPath = /bin/sh;
			shellScript = "\"${SRCROOT}/Pods/Target Support Files/Pods-YonaTests/Pods-YonaTests-resources.sh\"\n";
			showEnvVarsInLog = 0;
		};
		A821119BFA5F60C28A3789FE /* Copy Pods Resources */ = {
			isa = PBXShellScriptBuildPhase;
			buildActionMask = 2147483647;
			files = (
			);
			inputPaths = (
			);
			name = "Copy Pods Resources";
			outputPaths = (
			);
			runOnlyForDeploymentPostprocessing = 0;
			shellPath = /bin/sh;
			shellScript = "\"${SRCROOT}/Pods/Target Support Files/Pods-YonaUITests/Pods-YonaUITests-resources.sh\"\n";
			showEnvVarsInLog = 0;
		};
		CD897B49CDDF7B7CA7279FDF /* Copy Pods Resources */ = {
			isa = PBXShellScriptBuildPhase;
			buildActionMask = 2147483647;
			files = (
			);
			inputPaths = (
			);
			name = "Copy Pods Resources";
			outputPaths = (
			);
			runOnlyForDeploymentPostprocessing = 0;
			shellPath = /bin/sh;
			shellScript = "\"${SRCROOT}/Pods/Target Support Files/Pods/Pods-resources.sh\"\n";
			showEnvVarsInLog = 0;
		};
		EA6F898F6F765B2B173EA831 /* Embed Pods Frameworks */ = {
			isa = PBXShellScriptBuildPhase;
			buildActionMask = 2147483647;
			files = (
			);
			inputPaths = (
			);
			name = "Embed Pods Frameworks";
			outputPaths = (
			);
			runOnlyForDeploymentPostprocessing = 0;
			shellPath = /bin/sh;
			shellScript = "\"${SRCROOT}/Pods/Target Support Files/Pods/Pods-frameworks.sh\"\n";
			showEnvVarsInLog = 0;
		};
/* End PBXShellScriptBuildPhase section */

/* Begin PBXSourcesBuildPhase section */
		907DFF631C8EDE9400D5E48C /* Sources */ = {
			isa = PBXSourcesBuildPhase;
			buildActionMask = 2147483647;
			files = (
				907DFF6F1C8EDE9400D5E48C /* SecondViewController.swift in Sources */,
				907DFF6B1C8EDE9400D5E48C /* AppDelegate.swift in Sources */,
				BE81BE601C99FEA00075D008 /* Commentary.swift in Sources */,
				BE81BE621C99FEAD0075D008 /* MatchResults.swift in Sources */,
				907DFF6D1C8EDE9400D5E48C /* FirstViewController.swift in Sources */,
			);
			runOnlyForDeploymentPostprocessing = 0;
		};
		907DFF791C8EDE9400D5E48C /* Sources */ = {
			isa = PBXSourcesBuildPhase;
			buildActionMask = 2147483647;
			files = (
				907DFF821C8EDE9400D5E48C /* YonaTests.swift in Sources */,
			);
			runOnlyForDeploymentPostprocessing = 0;
		};
		907DFF841C8EDE9400D5E48C /* Sources */ = {
			isa = PBXSourcesBuildPhase;
			buildActionMask = 2147483647;
			files = (
				907DFF8D1C8EDE9400D5E48C /* YonaUITests.swift in Sources */,
				907DFFA01C986FD400D5E48C /* YonaInitializer.swift in Sources */,
				907DFFA51C9872F200D5E48C /* YonaInitializer.m in Sources */,
			);
			runOnlyForDeploymentPostprocessing = 0;
		};
/* End PBXSourcesBuildPhase section */

/* Begin PBXTargetDependency section */
		907DFF7F1C8EDE9400D5E48C /* PBXTargetDependency */ = {
			isa = PBXTargetDependency;
			target = 907DFF661C8EDE9400D5E48C /* Yona */;
			targetProxy = 907DFF7E1C8EDE9400D5E48C /* PBXContainerItemProxy */;
		};
		907DFF8A1C8EDE9400D5E48C /* PBXTargetDependency */ = {
			isa = PBXTargetDependency;
			target = 907DFF661C8EDE9400D5E48C /* Yona */;
			targetProxy = 907DFF891C8EDE9400D5E48C /* PBXContainerItemProxy */;
		};
/* End PBXTargetDependency section */

/* Begin PBXVariantGroup section */
		907DFF701C8EDE9400D5E48C /* Main.storyboard */ = {
			isa = PBXVariantGroup;
			children = (
				907DFF711C8EDE9400D5E48C /* Base */,
			);
			name = Main.storyboard;
			sourceTree = "<group>";
		};
		907DFF751C8EDE9400D5E48C /* LaunchScreen.storyboard */ = {
			isa = PBXVariantGroup;
			children = (
				907DFF761C8EDE9400D5E48C /* Base */,
			);
			name = LaunchScreen.storyboard;
			sourceTree = "<group>";
		};
/* End PBXVariantGroup section */

/* Begin XCBuildConfiguration section */
		907DFF8F1C8EDE9400D5E48C /* Debug */ = {
			isa = XCBuildConfiguration;
			buildSettings = {
				ALWAYS_SEARCH_USER_PATHS = NO;
				CLANG_CXX_LANGUAGE_STANDARD = "gnu++0x";
				CLANG_CXX_LIBRARY = "libc++";
				CLANG_ENABLE_MODULES = YES;
				CLANG_ENABLE_OBJC_ARC = YES;
				CLANG_WARN_BOOL_CONVERSION = YES;
				CLANG_WARN_CONSTANT_CONVERSION = YES;
				CLANG_WARN_DIRECT_OBJC_ISA_USAGE = YES_ERROR;
				CLANG_WARN_EMPTY_BODY = YES;
				CLANG_WARN_ENUM_CONVERSION = YES;
				CLANG_WARN_INT_CONVERSION = YES;
				CLANG_WARN_OBJC_ROOT_CLASS = YES_ERROR;
				CLANG_WARN_UNREACHABLE_CODE = YES;
				CLANG_WARN__DUPLICATE_METHOD_MATCH = YES;
				"CODE_SIGN_IDENTITY[sdk=iphoneos*]" = "iPhone Developer";
				COPY_PHASE_STRIP = NO;
				DEBUG_INFORMATION_FORMAT = dwarf;
				ENABLE_STRICT_OBJC_MSGSEND = YES;
				ENABLE_TESTABILITY = YES;
				GCC_C_LANGUAGE_STANDARD = gnu99;
				GCC_DYNAMIC_NO_PIC = NO;
				GCC_NO_COMMON_BLOCKS = YES;
				GCC_OPTIMIZATION_LEVEL = 0;
				GCC_PREPROCESSOR_DEFINITIONS = (
					"DEBUG=1",
					"$(inherited)",
				);
				GCC_WARN_64_TO_32_BIT_CONVERSION = YES;
				GCC_WARN_ABOUT_RETURN_TYPE = YES_ERROR;
				GCC_WARN_UNDECLARED_SELECTOR = YES;
				GCC_WARN_UNINITIALIZED_AUTOS = YES_AGGRESSIVE;
				GCC_WARN_UNUSED_FUNCTION = YES;
				GCC_WARN_UNUSED_VARIABLE = YES;
				IPHONEOS_DEPLOYMENT_TARGET = 9.2;
				MTL_ENABLE_DEBUG_INFO = YES;
				ONLY_ACTIVE_ARCH = YES;
				SDKROOT = iphoneos;
				SWIFT_OPTIMIZATION_LEVEL = "-Onone";
				TARGETED_DEVICE_FAMILY = "1,2";
			};
			name = Debug;
		};
		907DFF901C8EDE9400D5E48C /* Release */ = {
			isa = XCBuildConfiguration;
			buildSettings = {
				ALWAYS_SEARCH_USER_PATHS = NO;
				CLANG_CXX_LANGUAGE_STANDARD = "gnu++0x";
				CLANG_CXX_LIBRARY = "libc++";
				CLANG_ENABLE_MODULES = YES;
				CLANG_ENABLE_OBJC_ARC = YES;
				CLANG_WARN_BOOL_CONVERSION = YES;
				CLANG_WARN_CONSTANT_CONVERSION = YES;
				CLANG_WARN_DIRECT_OBJC_ISA_USAGE = YES_ERROR;
				CLANG_WARN_EMPTY_BODY = YES;
				CLANG_WARN_ENUM_CONVERSION = YES;
				CLANG_WARN_INT_CONVERSION = YES;
				CLANG_WARN_OBJC_ROOT_CLASS = YES_ERROR;
				CLANG_WARN_UNREACHABLE_CODE = YES;
				CLANG_WARN__DUPLICATE_METHOD_MATCH = YES;
				"CODE_SIGN_IDENTITY[sdk=iphoneos*]" = "iPhone Developer";
				COPY_PHASE_STRIP = NO;
				DEBUG_INFORMATION_FORMAT = "dwarf-with-dsym";
				ENABLE_NS_ASSERTIONS = NO;
				ENABLE_STRICT_OBJC_MSGSEND = YES;
				GCC_C_LANGUAGE_STANDARD = gnu99;
				GCC_NO_COMMON_BLOCKS = YES;
				GCC_WARN_64_TO_32_BIT_CONVERSION = YES;
				GCC_WARN_ABOUT_RETURN_TYPE = YES_ERROR;
				GCC_WARN_UNDECLARED_SELECTOR = YES;
				GCC_WARN_UNINITIALIZED_AUTOS = YES_AGGRESSIVE;
				GCC_WARN_UNUSED_FUNCTION = YES;
				GCC_WARN_UNUSED_VARIABLE = YES;
				IPHONEOS_DEPLOYMENT_TARGET = 9.2;
				MTL_ENABLE_DEBUG_INFO = NO;
				SDKROOT = iphoneos;
				TARGETED_DEVICE_FAMILY = "1,2";
				VALIDATE_PRODUCT = YES;
			};
			name = Release;
		};
		907DFF921C8EDE9400D5E48C /* Debug */ = {
			isa = XCBuildConfiguration;
			baseConfigurationReference = 89686D026187D08BA3E2B211 /* Pods-Yona.debug.xcconfig */;
			buildSettings = {
				ASSETCATALOG_COMPILER_APPICON_NAME = AppIcon;
				CODE_SIGN_ENTITLEMENTS = Yona/Yona.entitlements;
				CODE_SIGN_IDENTITY = "iPhone Developer";
				"CODE_SIGN_IDENTITY[sdk=iphoneos*]" = "iPhone Developer";
				FRAMEWORK_SEARCH_PATHS = (
					"$(inherited)",
					"$(PROJECT_DIR)/build/Debug-iphoneos",
				);
				INFOPLIST_FILE = Yona/Info.plist;
				LD_RUNPATH_SEARCH_PATHS = "$(inherited) @executable_path/Frameworks";
				PRODUCT_BUNDLE_IDENTIFIER = Mobiquity.Yona;
				PRODUCT_NAME = "$(TARGET_NAME)";
				PROVISIONING_PROFILE = "";
			};
			name = Debug;
		};
		907DFF931C8EDE9400D5E48C /* Release */ = {
			isa = XCBuildConfiguration;
			baseConfigurationReference = 77125F8D39EC6382C622405A /* Pods-Yona.release.xcconfig */;
			buildSettings = {
				ASSETCATALOG_COMPILER_APPICON_NAME = AppIcon;
				CODE_SIGN_ENTITLEMENTS = Yona/Yona.entitlements;
				CODE_SIGN_IDENTITY = "iPhone Developer";
				"CODE_SIGN_IDENTITY[sdk=iphoneos*]" = "iPhone Developer";
				FRAMEWORK_SEARCH_PATHS = (
					"$(inherited)",
					"$(PROJECT_DIR)/build/Debug-iphoneos",
				);
				INFOPLIST_FILE = Yona/Info.plist;
				LD_RUNPATH_SEARCH_PATHS = "$(inherited) @executable_path/Frameworks";
				PRODUCT_BUNDLE_IDENTIFIER = Mobiquity.Yona;
				PRODUCT_NAME = "$(TARGET_NAME)";
				PROVISIONING_PROFILE = "";
			};
			name = Release;
		};
		907DFF951C8EDE9400D5E48C /* Debug */ = {
			isa = XCBuildConfiguration;
			baseConfigurationReference = CC530E0C6E9515F61EC6FB40 /* Pods-YonaTests.debug.xcconfig */;
			buildSettings = {
				BUNDLE_LOADER = "$(TEST_HOST)";
				INFOPLIST_FILE = YonaTests/Info.plist;
				LD_RUNPATH_SEARCH_PATHS = "$(inherited) @executable_path/Frameworks @loader_path/Frameworks";
				PRODUCT_BUNDLE_IDENTIFIER = Mobiquity.YonaTests;
				PRODUCT_NAME = "$(TARGET_NAME)";
				TEST_HOST = "$(BUILT_PRODUCTS_DIR)/Yona.app/Yona";
			};
			name = Debug;
		};
		907DFF961C8EDE9400D5E48C /* Release */ = {
			isa = XCBuildConfiguration;
			baseConfigurationReference = 98FCC62E604C72777EA1D8D8 /* Pods-YonaTests.release.xcconfig */;
			buildSettings = {
				BUNDLE_LOADER = "$(TEST_HOST)";
				INFOPLIST_FILE = YonaTests/Info.plist;
				LD_RUNPATH_SEARCH_PATHS = "$(inherited) @executable_path/Frameworks @loader_path/Frameworks";
				PRODUCT_BUNDLE_IDENTIFIER = Mobiquity.YonaTests;
				PRODUCT_NAME = "$(TARGET_NAME)";
				TEST_HOST = "$(BUILT_PRODUCTS_DIR)/Yona.app/Yona";
			};
			name = Release;
		};
		907DFF981C8EDE9400D5E48C /* Debug */ = {
			isa = XCBuildConfiguration;
			baseConfigurationReference = E4974E350B019F187E3AD131 /* Pods-YonaUITests.debug.xcconfig */;
			buildSettings = {
				CLANG_ENABLE_MODULES = YES;
				INFOPLIST_FILE = YonaUITests/Info.plist;
				LD_RUNPATH_SEARCH_PATHS = "$(inherited) @executable_path/Frameworks @loader_path/Frameworks";
				PRODUCT_BUNDLE_IDENTIFIER = Mobiquity.YonaUITests;
				PRODUCT_NAME = "$(TARGET_NAME)";
				SWIFT_OBJC_BRIDGING_HEADER = "YonaUITests/YonaUITests-Bridging-Header.h";
				SWIFT_OPTIMIZATION_LEVEL = "-Onone";
				TEST_TARGET_NAME = Yona;
				USES_XCTRUNNER = YES;
			};
			name = Debug;
		};
		907DFF991C8EDE9400D5E48C /* Release */ = {
			isa = XCBuildConfiguration;
			baseConfigurationReference = 779A9724A9A066B99E348BF7 /* Pods-YonaUITests.release.xcconfig */;
			buildSettings = {
				CLANG_ENABLE_MODULES = YES;
				INFOPLIST_FILE = YonaUITests/Info.plist;
				LD_RUNPATH_SEARCH_PATHS = "$(inherited) @executable_path/Frameworks @loader_path/Frameworks";
				PRODUCT_BUNDLE_IDENTIFIER = Mobiquity.YonaUITests;
				PRODUCT_NAME = "$(TARGET_NAME)";
				SWIFT_OBJC_BRIDGING_HEADER = "YonaUITests/YonaUITests-Bridging-Header.h";
				TEST_TARGET_NAME = Yona;
				USES_XCTRUNNER = YES;
			};
			name = Release;
		};
/* End XCBuildConfiguration section */

/* Begin XCConfigurationList section */
		907DFF621C8EDE9300D5E48C /* Build configuration list for PBXProject "Yona" */ = {
			isa = XCConfigurationList;
			buildConfigurations = (
				907DFF8F1C8EDE9400D5E48C /* Debug */,
				907DFF901C8EDE9400D5E48C /* Release */,
			);
			defaultConfigurationIsVisible = 0;
			defaultConfigurationName = Release;
		};
		907DFF911C8EDE9400D5E48C /* Build configuration list for PBXNativeTarget "Yona" */ = {
			isa = XCConfigurationList;
			buildConfigurations = (
				907DFF921C8EDE9400D5E48C /* Debug */,
				907DFF931C8EDE9400D5E48C /* Release */,
			);
			defaultConfigurationIsVisible = 0;
			defaultConfigurationName = Release;
		};
		907DFF941C8EDE9400D5E48C /* Build configuration list for PBXNativeTarget "YonaTests" */ = {
			isa = XCConfigurationList;
			buildConfigurations = (
				907DFF951C8EDE9400D5E48C /* Debug */,
				907DFF961C8EDE9400D5E48C /* Release */,
			);
			defaultConfigurationIsVisible = 0;
			defaultConfigurationName = Release;
		};
		907DFF971C8EDE9400D5E48C /* Build configuration list for PBXNativeTarget "YonaUITests" */ = {
			isa = XCConfigurationList;
			buildConfigurations = (
				907DFF981C8EDE9400D5E48C /* Debug */,
				907DFF991C8EDE9400D5E48C /* Release */,
			);
			defaultConfigurationIsVisible = 0;
			defaultConfigurationName = Release;
		};
/* End XCConfigurationList section */
	};
	rootObject = 907DFF5F1C8EDE9300D5E48C /* Project object */;
}
